
Microsoft Visual Studio Solution File, Format Version 12.00
# Visual Studio Version 17
VisualStudioVersion = 17.14.36705.20 d17.14
MinimumVisualStudioVersion = 10.0.40219.1
Project("{FAE04EC0-301F-11D3-BF4B-00C04F79EFBC}") = "Bai11", "Bai11\Bai11.csproj", "{70AEF974-8F98-4D45-8B96-A0F45ABCB079}"
EndProject
Global
	GlobalSection(SolutionConfigurationPlatforms) = preSolution
		Debug|Any CPU = Debug|Any CPU
		Release|Any CPU = Release|Any CPU
	EndGlobalSection
	GlobalSection(ProjectConfigurationPlatforms) = postSolution
		{70AEF974-8F98-4D45-8B96-A0F45ABCB079}.Debug|Any CPU.ActiveCfg = Debug|Any CPU
		{70AEF974-8F98-4D45-8B96-A0F45ABCB079}.Debug|Any CPU.Build.0 = Debug|Any CPU
		{70AEF974-8F98-4D45-8B96-A0F45ABCB079}.Release|Any CPU.ActiveCfg = Release|Any CPU
		{70AEF974-8F98-4D45-8B96-A0F45ABCB079}.Release|Any CPU.Build.0 = Release|Any CPU
	EndGlobalSection
	GlobalSection(SolutionProperties) = preSolution
		HideSolutionNode = FALSE
	EndGlobalSection
	GlobalSection(ExtensibilityGlobals) = postSolution
		SolutionGuid = {6A5F8B79-A8A3-410C-BDBF-716294816545}
	EndGlobalSection
EndGlobal
