
Microsoft Visual Studio Solution File, Format Version 12.00
# Visual Studio Version 17
VisualStudioVersion = 17.14.36705.20 d17.14
MinimumVisualStudioVersion = 10.0.40219.1
Project("{FAE04EC0-301F-11D3-BF4B-00C04F79EFBC}") = "Bai1", "Bai1\Bai1.csproj", "{796922FB-E36F-4B2F-B996-7E2059CB28A9}"
EndProject
Global
	GlobalSection(SolutionConfigurationPlatforms) = preSolution
		Debug|Any CPU = Debug|Any CPU
		Release|Any CPU = Release|Any CPU
	EndGlobalSection
	GlobalSection(ProjectConfigurationPlatforms) = postSolution
		{796922FB-E36F-4B2F-B996-7E2059CB28A9}.Debug|Any CPU.ActiveCfg = Debug|Any CPU
		{796922FB-E36F-4B2F-B996-7E2059CB28A9}.Debug|Any CPU.Build.0 = Debug|Any CPU
		{796922FB-E36F-4B2F-B996-7E2059CB28A9}.Release|Any CPU.ActiveCfg = Release|Any CPU
		{796922FB-E36F-4B2F-B996-7E2059CB28A9}.Release|Any CPU.Build.0 = Release|Any CPU
	EndGlobalSection
	GlobalSection(SolutionProperties) = preSolution
		HideSolutionNode = FALSE
	EndGlobalSection
	GlobalSection(ExtensibilityGlobals) = postSolution
		SolutionGuid = {9D711882-15E3-4FD0-B819-372321AF68F0}
	EndGlobalSection
EndGlobal
