
Microsoft Visual Studio Solution File, Format Version 12.00
# Visual Studio Version 17
VisualStudioVersion = 17.14.36705.20 d17.14
MinimumVisualStudioVersion = 10.0.40219.1
Project("{FAE04EC0-301F-11D3-BF4B-00C04F79EFBC}") = "Bai6", "Bai6\Bai6.csproj", "{12C983E8-0A21-4F76-BB66-24E8CC1B1712}"
EndProject
Global
	GlobalSection(SolutionConfigurationPlatforms) = preSolution
		Debug|Any CPU = Debug|Any CPU
		Release|Any CPU = Release|Any CPU
	EndGlobalSection
	GlobalSection(ProjectConfigurationPlatforms) = postSolution
		{12C983E8-0A21-4F76-BB66-24E8CC1B1712}.Debug|Any CPU.ActiveCfg = Debug|Any CPU
		{12C983E8-0A21-4F76-BB66-24E8CC1B1712}.Debug|Any CPU.Build.0 = Debug|Any CPU
		{12C983E8-0A21-4F76-BB66-24E8CC1B1712}.Release|Any CPU.ActiveCfg = Release|Any CPU
		{12C983E8-0A21-4F76-BB66-24E8CC1B1712}.Release|Any CPU.Build.0 = Release|Any CPU
	EndGlobalSection
	GlobalSection(SolutionProperties) = preSolution
		HideSolutionNode = FALSE
	EndGlobalSection
	GlobalSection(ExtensibilityGlobals) = postSolution
		SolutionGuid = {50A8141D-1EAB-4F44-916B-6128F73C8EB4}
	EndGlobalSection
EndGlobal
