
Microsoft Visual Studio Solution File, Format Version 12.00
# Visual Studio Version 17
VisualStudioVersion = 17.14.36705.20 d17.14
MinimumVisualStudioVersion = 10.0.40219.1
Project("{FAE04EC0-301F-11D3-BF4B-00C04F79EFBC}") = "Bai5", "Bai5\Bai5.csproj", "{691C8084-A9A8-4F68-8469-849D952296B0}"
EndProject
Global
	GlobalSection(SolutionConfigurationPlatforms) = preSolution
		Debug|Any CPU = Debug|Any CPU
		Release|Any CPU = Release|Any CPU
	EndGlobalSection
	GlobalSection(ProjectConfigurationPlatforms) = postSolution
		{691C8084-A9A8-4F68-8469-849D952296B0}.Debug|Any CPU.ActiveCfg = Debug|Any CPU
		{691C8084-A9A8-4F68-8469-849D952296B0}.Debug|Any CPU.Build.0 = Debug|Any CPU
		{691C8084-A9A8-4F68-8469-849D952296B0}.Release|Any CPU.ActiveCfg = Release|Any CPU
		{691C8084-A9A8-4F68-8469-849D952296B0}.Release|Any CPU.Build.0 = Release|Any CPU
	EndGlobalSection
	GlobalSection(SolutionProperties) = preSolution
		HideSolutionNode = FALSE
	EndGlobalSection
	GlobalSection(ExtensibilityGlobals) = postSolution
		SolutionGuid = {BC38F1B1-FC5C-4504-AB96-138E495E34D0}
	EndGlobalSection
EndGlobal
